
Microsoft Visual Studio Solution File, Format Version 12.00
# Visual Studio Version 17
VisualStudioVersion = 17.4.33213.308
MinimumVisualStudioVersion = 10.0.40219.1
Project("{9A19103F-16F7-4668-BE54-9A1E7A4F7556}") = "Sales.Shared", "Sales.Shared\Sales.Shared.csproj", "{95E9B6BC-5F24-4A21-A67D-5045E94F2CAE}"
EndProject
Project("{9A19103F-16F7-4668-BE54-9A1E7A4F7556}") = "Sales.Api", "Sales.Api\Sales.Api.csproj", "{2A5C6C0A-0917-4459-94C3-B7F3A6CDE727}"
EndProject
Project("{9A19103F-16F7-4668-BE54-9A1E7A4F7556}") = "Sales.Web", "Sales.Web\Sales.Web.csproj", "{DCE6980A-CE9C-49C2-ADEC-6AD3A9C6A0B7}"
EndProject
Project("{9A19103F-16F7-4668-BE54-9A1E7A4F7556}") = "Sales.Mobile", "Sales.Mobile\Sales.Mobile.csproj", "{FEBD61CA-11A6-4594-ABC7-A1CB17AD83E9}"
EndProject
Global
	GlobalSection(SolutionConfigurationPlatforms) = preSolution
		Debug|Any CPU = Debug|Any CPU
		Release|Any CPU = Release|Any CPU
	EndGlobalSection
	GlobalSection(ProjectConfigurationPlatforms) = postSolution
		{95E9B6BC-5F24-4A21-A67D-5045E94F2CAE}.Debug|Any CPU.ActiveCfg = Debug|Any CPU
		{95E9B6BC-5F24-4A21-A67D-5045E94F2CAE}.Debug|Any CPU.Build.0 = Debug|Any CPU
		{95E9B6BC-5F24-4A21-A67D-5045E94F2CAE}.Release|Any CPU.ActiveCfg = Release|Any CPU
		{95E9B6BC-5F24-4A21-A67D-5045E94F2CAE}.Release|Any CPU.Build.0 = Release|Any CPU
		{2A5C6C0A-0917-4459-94C3-B7F3A6CDE727}.Debug|Any CPU.ActiveCfg = Debug|Any CPU
		{2A5C6C0A-0917-4459-94C3-B7F3A6CDE727}.Debug|Any CPU.Build.0 = Debug|Any CPU
		{2A5C6C0A-0917-4459-94C3-B7F3A6CDE727}.Release|Any CPU.ActiveCfg = Release|Any CPU
		{2A5C6C0A-0917-4459-94C3-B7F3A6CDE727}.Release|Any CPU.Build.0 = Release|Any CPU
		{DCE6980A-CE9C-49C2-ADEC-6AD3A9C6A0B7}.Debug|Any CPU.ActiveCfg = Debug|Any CPU
		{DCE6980A-CE9C-49C2-ADEC-6AD3A9C6A0B7}.Debug|Any CPU.Build.0 = Debug|Any CPU
		{DCE6980A-CE9C-49C2-ADEC-6AD3A9C6A0B7}.Release|Any CPU.ActiveCfg = Release|Any CPU
		{DCE6980A-CE9C-49C2-ADEC-6AD3A9C6A0B7}.Release|Any CPU.Build.0 = Release|Any CPU
		{FEBD61CA-11A6-4594-ABC7-A1CB17AD83E9}.Debug|Any CPU.ActiveCfg = Debug|Any CPU
		{FEBD61CA-11A6-4594-ABC7-A1CB17AD83E9}.Debug|Any CPU.Build.0 = Debug|Any CPU
		{FEBD61CA-11A6-4594-ABC7-A1CB17AD83E9}.Debug|Any CPU.Deploy.0 = Debug|Any CPU
		{FEBD61CA-11A6-4594-ABC7-A1CB17AD83E9}.Release|Any CPU.ActiveCfg = Release|Any CPU
		{FEBD61CA-11A6-4594-ABC7-A1CB17AD83E9}.Release|Any CPU.Build.0 = Release|Any CPU
		{FEBD61CA-11A6-4594-ABC7-A1CB17AD83E9}.Release|Any CPU.Deploy.0 = Release|Any CPU
	EndGlobalSection
	GlobalSection(SolutionProperties) = preSolution
		HideSolutionNode = FALSE
	EndGlobalSection
	GlobalSection(ExtensibilityGlobals) = postSolution
		SolutionGuid = {5B5630A3-03F9-44D1-9930-17474AB1500C}
	EndGlobalSection
EndGlobal
